
Microsoft Visual Studio Solution File, Format Version 12.00
# Visual Studio Version 17
VisualStudioVersion = 17.5.33530.505
MinimumVisualStudioVersion = 10.0.40219.1
Project("{9A19103F-16F7-4668-BE54-9A1E7A4F7556}") = "ProjectTimelineGR2", "ProjectTimelineGR2\ProjectTimelineGR2.csproj", "{ED4238D7-C78A-42EE-B40B-E35A42D229D6}"
EndProject
Project("{FAE04EC0-301F-11D3-BF4B-00C04F79EFBC}") = "ProjectLibrary", "ProjectLibrary\ProjectLibrary.csproj", "{9C077A21-6052-4BE4-9CC6-C14A4E7E8F6F}"
EndProject
Global
	GlobalSection(SolutionConfigurationPlatforms) = preSolution
		Debug|Any CPU = Debug|Any CPU
		Release|Any CPU = Release|Any CPU
	EndGlobalSection
	GlobalSection(ProjectConfigurationPlatforms) = postSolution
		{ED4238D7-C78A-42EE-B40B-E35A42D229D6}.Debug|Any CPU.ActiveCfg = Debug|Any CPU
		{ED4238D7-C78A-42EE-B40B-E35A42D229D6}.Debug|Any CPU.Build.0 = Debug|Any CPU
		{ED4238D7-C78A-42EE-B40B-E35A42D229D6}.Release|Any CPU.ActiveCfg = Release|Any CPU
		{ED4238D7-C78A-42EE-B40B-E35A42D229D6}.Release|Any CPU.Build.0 = Release|Any CPU
		{9C077A21-6052-4BE4-9CC6-C14A4E7E8F6F}.Debug|Any CPU.ActiveCfg = Debug|Any CPU
		{9C077A21-6052-4BE4-9CC6-C14A4E7E8F6F}.Debug|Any CPU.Build.0 = Debug|Any CPU
		{9C077A21-6052-4BE4-9CC6-C14A4E7E8F6F}.Release|Any CPU.ActiveCfg = Release|Any CPU
		{9C077A21-6052-4BE4-9CC6-C14A4E7E8F6F}.Release|Any CPU.Build.0 = Release|Any CPU
	EndGlobalSection
	GlobalSection(SolutionProperties) = preSolution
		HideSolutionNode = FALSE
	EndGlobalSection
	GlobalSection(ExtensibilityGlobals) = postSolution
		SolutionGuid = {2F6B0CDC-5A0B-48B6-8E41-1457C3D1A685}
	EndGlobalSection
EndGlobal
